
Microsoft Visual Studio Solution File, Format Version 12.00
# Visual Studio Version 17
VisualStudioVersion = 17.2.32516.85
MinimumVisualStudioVersion = 10.0.40219.1
Project("{FAE04EC0-301F-11D3-BF4B-00C04F79EFBC}") = "GestBanque", "GestBanque\GestBanque.csproj", "{A6234829-BE17-4074-8BBB-C38B23216A92}"
EndProject
Project("{FAE04EC0-301F-11D3-BF4B-00C04F79EFBC}") = "Models", "Models\Models.csproj", "{76C3D417-C07B-4BBA-A626-F415F2E5DB7A}"
EndProject
Project("{FAE04EC0-301F-11D3-BF4B-00C04F79EFBC}") = "Models.Tests", "Models.Tests\Models.Tests.csproj", "{5F03DA38-E26D-451F-ADB5-B55DF14166AF}"
EndProject
Project("{2150E333-8FDC-42A3-9474-1A3956D46DE8}") = "Tests", "Tests", "{144B6685-1330-4699-9040-1B2F827C38D1}"
EndProject
Global
	GlobalSection(SolutionConfigurationPlatforms) = preSolution
		Debug|Any CPU = Debug|Any CPU
		Release|Any CPU = Release|Any CPU
	EndGlobalSection
	GlobalSection(ProjectConfigurationPlatforms) = postSolution
		{A6234829-BE17-4074-8BBB-C38B23216A92}.Debug|Any CPU.ActiveCfg = Debug|Any CPU
		{A6234829-BE17-4074-8BBB-C38B23216A92}.Debug|Any CPU.Build.0 = Debug|Any CPU
		{A6234829-BE17-4074-8BBB-C38B23216A92}.Release|Any CPU.ActiveCfg = Release|Any CPU
		{A6234829-BE17-4074-8BBB-C38B23216A92}.Release|Any CPU.Build.0 = Release|Any CPU
		{76C3D417-C07B-4BBA-A626-F415F2E5DB7A}.Debug|Any CPU.ActiveCfg = Debug|Any CPU
		{76C3D417-C07B-4BBA-A626-F415F2E5DB7A}.Debug|Any CPU.Build.0 = Debug|Any CPU
		{76C3D417-C07B-4BBA-A626-F415F2E5DB7A}.Release|Any CPU.ActiveCfg = Release|Any CPU
		{76C3D417-C07B-4BBA-A626-F415F2E5DB7A}.Release|Any CPU.Build.0 = Release|Any CPU
		{5F03DA38-E26D-451F-ADB5-B55DF14166AF}.Debug|Any CPU.ActiveCfg = Debug|Any CPU
		{5F03DA38-E26D-451F-ADB5-B55DF14166AF}.Debug|Any CPU.Build.0 = Debug|Any CPU
		{5F03DA38-E26D-451F-ADB5-B55DF14166AF}.Release|Any CPU.ActiveCfg = Release|Any CPU
		{5F03DA38-E26D-451F-ADB5-B55DF14166AF}.Release|Any CPU.Build.0 = Release|Any CPU
	EndGlobalSection
	GlobalSection(SolutionProperties) = preSolution
		HideSolutionNode = FALSE
	EndGlobalSection
	GlobalSection(NestedProjects) = preSolution
		{5F03DA38-E26D-451F-ADB5-B55DF14166AF} = {144B6685-1330-4699-9040-1B2F827C38D1}
	EndGlobalSection
	GlobalSection(ExtensibilityGlobals) = postSolution
		SolutionGuid = {F361FF13-1CB3-4CED-A3E0-F3D0AB1B2124}
	EndGlobalSection
EndGlobal
